
Microsoft Visual Studio Solution File, Format Version 12.00
# Visual Studio Version 17
VisualStudioVersion = 17.10.34928.147
MinimumVisualStudioVersion = 10.0.40219.1
Project("{9A19103F-16F7-4668-BE54-9A1E7A4F7556}") = "Multimoney.Banca.Api", "Multimoney.Banca.Api\Multimoney.Banca.Api.csproj", "{3BACCC5E-A290-41A5-83C7-25045E1A14BF}"
EndProject
Project("{FAE04EC0-301F-11D3-BF4B-00C04F79EFBC}") = "Multimoney.Banca.Api.Tests", "Multimoney.Banca.Api.Tests\Multimoney.Banca.Api.Tests.csproj", "{427AD9EF-AC68-4E22-97AC-A0B9BFBE8EE6}"
EndProject
Global
	GlobalSection(SolutionConfigurationPlatforms) = preSolution
		Debug|Any CPU = Debug|Any CPU
		Release|Any CPU = Release|Any CPU
	EndGlobalSection
	GlobalSection(ProjectConfigurationPlatforms) = postSolution
		{3BACCC5E-A290-41A5-83C7-25045E1A14BF}.Debug|Any CPU.ActiveCfg = Debug|Any CPU
		{3BACCC5E-A290-41A5-83C7-25045E1A14BF}.Debug|Any CPU.Build.0 = Debug|Any CPU
		{3BACCC5E-A290-41A5-83C7-25045E1A14BF}.Release|Any CPU.ActiveCfg = Release|Any CPU
		{3BACCC5E-A290-41A5-83C7-25045E1A14BF}.Release|Any CPU.Build.0 = Release|Any CPU
		{427AD9EF-AC68-4E22-97AC-A0B9BFBE8EE6}.Debug|Any CPU.ActiveCfg = Debug|Any CPU
		{427AD9EF-AC68-4E22-97AC-A0B9BFBE8EE6}.Debug|Any CPU.Build.0 = Debug|Any CPU
		{427AD9EF-AC68-4E22-97AC-A0B9BFBE8EE6}.Release|Any CPU.ActiveCfg = Release|Any CPU
		{427AD9EF-AC68-4E22-97AC-A0B9BFBE8EE6}.Release|Any CPU.Build.0 = Release|Any CPU
	EndGlobalSection
	GlobalSection(SolutionProperties) = preSolution
		HideSolutionNode = FALSE
	EndGlobalSection
	GlobalSection(ExtensibilityGlobals) = postSolution
		SolutionGuid = {C6C3DB14-DEEA-4CD8-AB77-61ECDAFADD97}
	EndGlobalSection
EndGlobal
